
Microsoft Visual Studio Solution File, Format Version 12.00
# Visual Studio 14
VisualStudioVersion = 14.0.25420.1
MinimumVisualStudioVersion = 10.0.40219.1
Project("{FAE04EC0-301F-11D3-BF4B-00C04F79EFBC}") = "maxValue", "maxValue\maxValue.csproj", "{A380B4E2-96DE-46CB-8AF2-46006F01CEC8}"
EndProject
Project("{FAE04EC0-301F-11D3-BF4B-00C04F79EFBC}") = "switchDemo", "..\switchDemo\switchDemo.csproj", "{1E78437A-E2CD-4CE8-B382-5D7F1B422608}"
EndProject
Global
	GlobalSection(SolutionConfigurationPlatforms) = preSolution
		Debug|Any CPU = Debug|Any CPU
		Release|Any CPU = Release|Any CPU
	EndGlobalSection
	GlobalSection(ProjectConfigurationPlatforms) = postSolution
		{A380B4E2-96DE-46CB-8AF2-46006F01CEC8}.Debug|Any CPU.ActiveCfg = Debug|Any CPU
		{A380B4E2-96DE-46CB-8AF2-46006F01CEC8}.Debug|Any CPU.Build.0 = Debug|Any CPU
		{A380B4E2-96DE-46CB-8AF2-46006F01CEC8}.Release|Any CPU.ActiveCfg = Release|Any CPU
		{A380B4E2-96DE-46CB-8AF2-46006F01CEC8}.Release|Any CPU.Build.0 = Release|Any CPU
		{1E78437A-E2CD-4CE8-B382-5D7F1B422608}.Debug|Any CPU.ActiveCfg = Debug|Any CPU
		{1E78437A-E2CD-4CE8-B382-5D7F1B422608}.Debug|Any CPU.Build.0 = Debug|Any CPU
		{1E78437A-E2CD-4CE8-B382-5D7F1B422608}.Release|Any CPU.ActiveCfg = Release|Any CPU
		{1E78437A-E2CD-4CE8-B382-5D7F1B422608}.Release|Any CPU.Build.0 = Release|Any CPU
	EndGlobalSection
	GlobalSection(SolutionProperties) = preSolution
		HideSolutionNode = FALSE
	EndGlobalSection
EndGlobal
